
Microsoft Visual Studio Solution File, Format Version 12.00
# Visual Studio 15
Project("{FAE04EC0-301F-11D3-BF4B-00C04F79EFBC}") = "Meryel.CodeAssist.Editor", "Meryel.CodeAssist.Editor.csproj", "{3A2A1778-B3C2-BE5E-28EE-78A5F29FC729}"
EndProject
Project("{FAE04EC0-301F-11D3-BF4B-00C04F79EFBC}") = "Assembly-CSharp", "Assembly-CSharp.csproj", "{FE0DCED9-665A-2207-093C-42E3BF222CD8}"
EndProject
Global
	GlobalSection(SolutionConfigurationPlatforms) = preSolution
		Debug|Any CPU = Debug|Any CPU
		Release|Any CPU = Release|Any CPU
	EndGlobalSection
	GlobalSection(ProjectConfigurationPlatforms) = postSolution
		{3A2A1778-B3C2-BE5E-28EE-78A5F29FC729}.Debug|Any CPU.ActiveCfg = Debug|Any CPU
		{3A2A1778-B3C2-BE5E-28EE-78A5F29FC729}.Debug|Any CPU.Build.0 = Debug|Any CPU
		{3A2A1778-B3C2-BE5E-28EE-78A5F29FC729}.Release|Any CPU.ActiveCfg = Release|Any CPU
		{3A2A1778-B3C2-BE5E-28EE-78A5F29FC729}.Release|Any CPU.Build.0 = Release|Any CPU
		{FE0DCED9-665A-2207-093C-42E3BF222CD8}.Debug|Any CPU.ActiveCfg = Debug|Any CPU
		{FE0DCED9-665A-2207-093C-42E3BF222CD8}.Debug|Any CPU.Build.0 = Debug|Any CPU
		{FE0DCED9-665A-2207-093C-42E3BF222CD8}.Release|Any CPU.ActiveCfg = Release|Any CPU
		{FE0DCED9-665A-2207-093C-42E3BF222CD8}.Release|Any CPU.Build.0 = Release|Any CPU
	EndGlobalSection
	GlobalSection(SolutionProperties) = preSolution
		HideSolutionNode = FALSE
	EndGlobalSection
EndGlobal
